{
  "requires": true,
  "lockfileVersion": 1,
  "dependencies": {
    "gitbook-plugin-jsbin": {
      "version": "0.0.12",
      "resolved": "http://registry.npm.taobao.org/gitbook-plugin-jsbin/download/gitbook-plugin-jsbin-0.0.12.tgz",
      "integrity": "sha1-qo58hbzh0a3u/yD7RkT58wludO0="
    }
  }
}
